
Microsoft Visual Studio Solution File, Format Version 12.00
# Visual Studio 15
VisualStudioVersion = 15.0.28307.106
MinimumVisualStudioVersion = 10.0.40219.1
Project("{8BC9CEB8-8B4A-11D0-8D11-00A0C91BC942}") = "FVEAPI", "FVEAPI\FVEAPI.vcxproj", "{24414B1D-5871-4689-838C-04A8B022B1FA}"
EndProject
Global
	GlobalSection(SolutionConfigurationPlatforms) = preSolution
		Debug|x64 = Debug|x64
		Debug|x86 = Debug|x86
		Release|x64 = Release|x64
		Release|x86 = Release|x86
	EndGlobalSection
	GlobalSection(ProjectConfigurationPlatforms) = postSolution
		{24414B1D-5871-4689-838C-04A8B022B1FA}.Debug|x64.ActiveCfg = Debug|x64
		{24414B1D-5871-4689-838C-04A8B022B1FA}.Debug|x64.Build.0 = Debug|x64
		{24414B1D-5871-4689-838C-04A8B022B1FA}.Debug|x86.ActiveCfg = Debug|Win32
		{24414B1D-5871-4689-838C-04A8B022B1FA}.Debug|x86.Build.0 = Debug|Win32
		{24414B1D-5871-4689-838C-04A8B022B1FA}.Release|x64.ActiveCfg = Release|x64
		{24414B1D-5871-4689-838C-04A8B022B1FA}.Release|x64.Build.0 = Release|x64
		{24414B1D-5871-4689-838C-04A8B022B1FA}.Release|x86.ActiveCfg = Release|Win32
		{24414B1D-5871-4689-838C-04A8B022B1FA}.Release|x86.Build.0 = Release|Win32
	EndGlobalSection
	GlobalSection(SolutionProperties) = preSolution
		HideSolutionNode = FALSE
	EndGlobalSection
	GlobalSection(ExtensibilityGlobals) = postSolution
		SolutionGuid = {42AC3FC0-441B-43F1-B254-5840DD6998D2}
	EndGlobalSection
EndGlobal
